
Microsoft Visual Studio Solution File, Format Version 12.00
# Visual Studio Version 16
VisualStudioVersion = 16.0.34031.81
MinimumVisualStudioVersion = 10.0.40219.1
Project("{8BC9CEB8-8B4A-11D0-8D11-00A0C91BC942}") = "introductionToUML", "introductionToUML\introductionToUML.vcxproj", "{F71A2748-7101-4057-A1C0-2466E33BD006}"
EndProject
Project("{8BC9CEB8-8B4A-11D0-8D11-00A0C91BC942}") = "Threads", "Threads\Threads.vcxproj", "{8783479B-AC97-48BA-9B05-8227E392A2F2}"
EndProject
Project("{8BC9CEB8-8B4A-11D0-8D11-00A0C91BC942}") = "Figure", "Figure\Figure.vcxproj", "{B028F1C3-A39A-4DA9-AE3E-5F55D37EF1A7}"
EndProject
Global
	GlobalSection(SolutionConfigurationPlatforms) = preSolution
		Debug|x64 = Debug|x64
		Debug|x86 = Debug|x86
		Release|x64 = Release|x64
		Release|x86 = Release|x86
	EndGlobalSection
	GlobalSection(ProjectConfigurationPlatforms) = postSolution
		{F71A2748-7101-4057-A1C0-2466E33BD006}.Debug|x64.ActiveCfg = Debug|x64
		{F71A2748-7101-4057-A1C0-2466E33BD006}.Debug|x64.Build.0 = Debug|x64
		{F71A2748-7101-4057-A1C0-2466E33BD006}.Debug|x86.ActiveCfg = Debug|Win32
		{F71A2748-7101-4057-A1C0-2466E33BD006}.Debug|x86.Build.0 = Debug|Win32
		{F71A2748-7101-4057-A1C0-2466E33BD006}.Release|x64.ActiveCfg = Release|x64
		{F71A2748-7101-4057-A1C0-2466E33BD006}.Release|x64.Build.0 = Release|x64
		{F71A2748-7101-4057-A1C0-2466E33BD006}.Release|x86.ActiveCfg = Release|Win32
		{F71A2748-7101-4057-A1C0-2466E33BD006}.Release|x86.Build.0 = Release|Win32
		{8783479B-AC97-48BA-9B05-8227E392A2F2}.Debug|x64.ActiveCfg = Debug|x64
		{8783479B-AC97-48BA-9B05-8227E392A2F2}.Debug|x64.Build.0 = Debug|x64
		{8783479B-AC97-48BA-9B05-8227E392A2F2}.Debug|x86.ActiveCfg = Debug|Win32
		{8783479B-AC97-48BA-9B05-8227E392A2F2}.Debug|x86.Build.0 = Debug|Win32
		{8783479B-AC97-48BA-9B05-8227E392A2F2}.Release|x64.ActiveCfg = Release|x64
		{8783479B-AC97-48BA-9B05-8227E392A2F2}.Release|x64.Build.0 = Release|x64
		{8783479B-AC97-48BA-9B05-8227E392A2F2}.Release|x86.ActiveCfg = Release|Win32
		{8783479B-AC97-48BA-9B05-8227E392A2F2}.Release|x86.Build.0 = Release|Win32
		{B028F1C3-A39A-4DA9-AE3E-5F55D37EF1A7}.Debug|x64.ActiveCfg = Debug|x64
		{B028F1C3-A39A-4DA9-AE3E-5F55D37EF1A7}.Debug|x64.Build.0 = Debug|x64
		{B028F1C3-A39A-4DA9-AE3E-5F55D37EF1A7}.Debug|x86.ActiveCfg = Debug|Win32
		{B028F1C3-A39A-4DA9-AE3E-5F55D37EF1A7}.Debug|x86.Build.0 = Debug|Win32
		{B028F1C3-A39A-4DA9-AE3E-5F55D37EF1A7}.Release|x64.ActiveCfg = Release|x64
		{B028F1C3-A39A-4DA9-AE3E-5F55D37EF1A7}.Release|x64.Build.0 = Release|x64
		{B028F1C3-A39A-4DA9-AE3E-5F55D37EF1A7}.Release|x86.ActiveCfg = Release|Win32
		{B028F1C3-A39A-4DA9-AE3E-5F55D37EF1A7}.Release|x86.Build.0 = Release|Win32
	EndGlobalSection
	GlobalSection(SolutionProperties) = preSolution
		HideSolutionNode = FALSE
	EndGlobalSection
	GlobalSection(ExtensibilityGlobals) = postSolution
		SolutionGuid = {3247BD46-FF22-4460-8C79-A45C3486C696}
	EndGlobalSection
EndGlobal
